<?xml version="1.0" encoding="utf-8"?>
<Project ToolsVersion="4.0" xmlns="http://schemas.microsoft.com/developer/msbuild/2003">
  <ItemGroup>
    <Filter Include="Platform">
      <UniqueIdentifier>{2AC788B4-1694-E3BF-3FAD-D1672BD9184E}</UniqueIdentifier>
    </Filter>
    <Filter Include="Platform\OpenGL">
      <UniqueIdentifier>{1E7D2C1D-8A08-9AE1-9319-1DD6FF23F6E1}</UniqueIdentifier>
    </Filter>
    <Filter Include="Platform\Windows">
      <UniqueIdentifier>{64FBD71A-50F4-F66C-7926-DCF1657ED678}</UniqueIdentifier>
    </Filter>
    <Filter Include="Spring">
      <UniqueIdentifier>{D839A6D1-C4DB-D0A7-AD96-E4FB99D757F8}</UniqueIdentifier>
    </Filter>
    <Filter Include="Spring\Events">
      <UniqueIdentifier>{BC624D86-2823-C9BC-F15D-123A5DDD0D99}</UniqueIdentifier>
    </Filter>
    <Filter Include="Spring\ImGui">
      <UniqueIdentifier>{02B1D813-EE13-68B8-9799-A06E83DB333B}</UniqueIdentifier>
    </Filter>
  </ItemGroup>
  <ItemGroup>
    <ClInclude Include="src\Platform\OpenGL\ImGuiOpenGLRenderer.h">
      <Filter>Platform\OpenGL</Filter>
    </ClInclude>
    <ClInclude Include="src\Platform\Windows\WindowsWindow.h">
      <Filter>Platform\Windows</Filter>
    </ClInclude>
    <ClInclude Include="src\Spring.h" />
    <ClInclude Include="src\Spring\Application.h">
      <Filter>Spring</Filter>
    </ClInclude>
    <ClInclude Include="src\Spring\Core.h">
      <Filter>Spring</Filter>
    </ClInclude>
    <ClInclude Include="src\Spring\EntryPoint.h">
      <Filter>Spring</Filter>
    </ClInclude>
    <ClInclude Include="src\Spring\Events\ApplicationEvent.h">
      <Filter>Spring\Events</Filter>
    </ClInclude>
    <ClInclude Include="src\Spring\Events\Event.h">
      <Filter>Spring\Events</Filter>
    </ClInclude>
    <ClInclude Include="src\Spring\Events\KeyEvent.h">
      <Filter>Spring\Events</Filter>
    </ClInclude>
    <ClInclude Include="src\Spring\Events\MouseEvent.h">
      <Filter>Spring\Events</Filter>
    </ClInclude>
    <ClInclude Include="src\Spring\ImGui\ImGuiLayer.h">
      <Filter>Spring\ImGui</Filter>
    </ClInclude>
    <ClInclude Include="src\Spring\Layer.h">
      <Filter>Spring</Filter>
    </ClInclude>
    <ClInclude Include="src\Spring\LayerStack.h">
      <Filter>Spring</Filter>
    </ClInclude>
    <ClInclude Include="src\Spring\Log.h">
      <Filter>Spring</Filter>
    </ClInclude>
    <ClInclude Include="src\Spring\Window.h">
      <Filter>Spring</Filter>
    </ClInclude>
    <ClInclude Include="src\sppch.h" />
    <ClInclude Include="src\Spring\Input.h" />
    <ClInclude Include="src\Platform\Windows\WindowsInput.h" />
  </ItemGroup>
  <ItemGroup>
    <ClCompile Include="src\Platform\OpenGL\ImGuiOpenGLRenderer.cpp">
      <Filter>Platform\OpenGL</Filter>
    </ClCompile>
    <ClCompile Include="src\Platform\Windows\WindowsWindow.cpp">
      <Filter>Platform\Windows</Filter>
    </ClCompile>
    <ClCompile Include="src\Spring\Application.cpp">
      <Filter>Spring</Filter>
    </ClCompile>
    <ClCompile Include="src\Spring\ImGui\ImGuiLayer.cpp">
      <Filter>Spring\ImGui</Filter>
    </ClCompile>
    <ClCompile Include="src\Spring\Layer.cpp">
      <Filter>Spring</Filter>
    </ClCompile>
    <ClCompile Include="src\Spring\LayerStack.cpp">
      <Filter>Spring</Filter>
    </ClCompile>
    <ClCompile Include="src\Spring\Log.cpp">
      <Filter>Spring</Filter>
    </ClCompile>
    <ClCompile Include="src\sppch.cpp" />
    <ClCompile Include="src\Platform\Windows\WindowsInput.cpp" />
  </ItemGroup>
</Project>